
Microsoft Visual Studio Solution File, Format Version 11.00
# Visual Studio 2010
Project("{8BC9CEB8-8B4A-11D0-8D11-00A0C91BC942}") = "OpenGL_Game", "OpenGL_Game\OpenGL_Game.vcxproj", "{AB774EA8-2894-4EB6-B2A9-E40CA39CFC4E}"
EndProject
Global
	GlobalSection(SolutionConfigurationPlatforms) = preSolution
		Debug|Win32 = Debug|Win32
		Release|Win32 = Release|Win32
	EndGlobalSection
	GlobalSection(ProjectConfigurationPlatforms) = postSolution
		{AB774EA8-2894-4EB6-B2A9-E40CA39CFC4E}.Debug|Win32.ActiveCfg = Debug|Win32
		{AB774EA8-2894-4EB6-B2A9-E40CA39CFC4E}.Debug|Win32.Build.0 = Debug|Win32
		{AB774EA8-2894-4EB6-B2A9-E40CA39CFC4E}.Release|Win32.ActiveCfg = Release|Win32
		{AB774EA8-2894-4EB6-B2A9-E40CA39CFC4E}.Release|Win32.Build.0 = Release|Win32
	EndGlobalSection
	GlobalSection(SolutionProperties) = preSolution
		HideSolutionNode = FALSE
	EndGlobalSection
EndGlobal
